
Microsoft Visual Studio Solution File, Format Version 12.00
# Visual Studio Version 17
VisualStudioVersion = 17.3.32811.315
MinimumVisualStudioVersion = 10.0.40219.1
Project("{FAE04EC0-301F-11D3-BF4B-00C04F79EFBC}") = "Day9AssignmentEmp", "Day9AssignmentEmp.csproj", "{F31AA838-27E7-4A82-A3B7-394C40B66C5A}"
EndProject
Global
	GlobalSection(SolutionConfigurationPlatforms) = preSolution
		Debug|Any CPU = Debug|Any CPU
		Release|Any CPU = Release|Any CPU
	EndGlobalSection
	GlobalSection(ProjectConfigurationPlatforms) = postSolution
		{F31AA838-27E7-4A82-A3B7-394C40B66C5A}.Debug|Any CPU.ActiveCfg = Debug|Any CPU
		{F31AA838-27E7-4A82-A3B7-394C40B66C5A}.Debug|Any CPU.Build.0 = Debug|Any CPU
		{F31AA838-27E7-4A82-A3B7-394C40B66C5A}.Release|Any CPU.ActiveCfg = Release|Any CPU
		{F31AA838-27E7-4A82-A3B7-394C40B66C5A}.Release|Any CPU.Build.0 = Release|Any CPU
	EndGlobalSection
	GlobalSection(SolutionProperties) = preSolution
		HideSolutionNode = FALSE
	EndGlobalSection
	GlobalSection(ExtensibilityGlobals) = postSolution
		SolutionGuid = {3EB9EB6E-FF14-42E6-9B0C-D801C1821777}
	EndGlobalSection
EndGlobal
